// !$*UTF8*$!
{
	archiveVersion = 1;
	classes = {
	};
	objectVersion = 50;
	objects = {

/* Begin PBXBuildFile section */
		2B77B50820FABE9900E8CDF3 /* makeHelpMessage.cpp in Sources */ = {isa = PBXBuildFile; fileRef = 2B77B4EA20FABE9300E8CDF3 /* makeHelpMessage.cpp */; };
		2B77B50920FABE9900E8CDF3 /* message.cpp in Sources */ = {isa = PBXBuildFile; fileRef = 2B77B4EB20FABE9300E8CDF3 /* message.cpp */; };
		2B77B50B20FABE9900E8CDF3 /* GetTimeOfDay.cpp in Sources */ = {isa = PBXBuildFile; fileRef = 2B77B4EF20FABE9400E8CDF3 /* GetTimeOfDay.cpp */; };
		2B77B50C20FABE9900E8CDF3 /* insertBucketizedEnergyValuesIntoTable.cpp in Sources */ = {isa = PBXBuildFile; fileRef = 2B77B4F020FABE9400E8CDF3 /* insertBucketizedEnergyValuesIntoTable.cpp */; };
		2B77B50D20FABE9900E8CDF3 /* setupForMultiFitInherit.cpp in Sources */ = {isa = PBXBuildFile; fileRef = 2B77B4F720FABE9500E8CDF3 /* setupForMultiFitInherit.cpp */; };
		2B77B50E20FABE9900E8CDF3 /* varyingType.cpp in Sources */ = {isa = PBXBuildFile; fileRef = 2B77B4F820FABE9500E8CDF3 /* varyingType.cpp */; };
		2B77B50F20FABE9900E8CDF3 /* AllocateWorkingVectors.cpp in Sources */ = {isa = PBXBuildFile; fileRef = 2B77B4FC20FABE9600E8CDF3 /* AllocateWorkingVectors.cpp */; };
		2B77B51020FABE9900E8CDF3 /* StopWatch.cpp in Sources */ = {isa = PBXBuildFile; fileRef = 2B77B4FF20FABE9700E8CDF3 /* StopWatch.cpp */; };
		2B77B51120FABE9900E8CDF3 /* cmdLineArgs.cpp in Sources */ = {isa = PBXBuildFile; fileRef = 2B77B50020FABE9700E8CDF3 /* cmdLineArgs.cpp */; };
		2B77B51220FABE9900E8CDF3 /* main.cpp in Sources */ = {isa = PBXBuildFile; fileRef = 2B77B50120FABE9700E8CDF3 /* main.cpp */; };
		2B77B51320FABE9900E8CDF3 /* alignField.cpp in Sources */ = {isa = PBXBuildFile; fileRef = 2B77B50220FABE9800E8CDF3 /* alignField.cpp */; };
		2B77B51420FABE9900E8CDF3 /* TblPolyFitWithCovInherit.cpp in Sources */ = {isa = PBXBuildFile; fileRef = 2B77B50320FABE9800E8CDF3 /* TblPolyFitWithCovInherit.cpp */; };
		2B77B51520FABE9900E8CDF3 /* selectFromTable.cpp in Sources */ = {isa = PBXBuildFile; fileRef = 2B77B50420FABE9800E8CDF3 /* selectFromTable.cpp */; };
		2B77B51620FABE9900E8CDF3 /* baseClassInherit.cpp in Sources */ = {isa = PBXBuildFile; fileRef = 2B77B50620FABE9900E8CDF3 /* baseClassInherit.cpp */; };
/* End PBXBuildFile section */

/* Begin PBXCopyFilesBuildPhase section */
		2B77B4DE20FABE4600E8CDF3 /* CopyFiles */ = {
			isa = PBXCopyFilesBuildPhase;
			buildActionMask = 2147483647;
			dstPath = /usr/share/man/man1/;
			dstSubfolderSpec = 0;
			files = (
			);
			runOnlyForDeploymentPostprocessing = 1;
		};
/* End PBXCopyFilesBuildPhase section */

/* Begin PBXFileReference section */
		2B77B4E020FABE4600E8CDF3 /* continuingAgain */ = {isa = PBXFileReference; explicitFileType = "compiled.mach-o.executable"; includeInIndex = 0; path = continuingAgain; sourceTree = BUILT_PRODUCTS_DIR; };
		2B77B4EA20FABE9300E8CDF3 /* makeHelpMessage.cpp */ = {isa = PBXFileReference; fileEncoding = 4; lastKnownFileType = sourcecode.cpp.cpp; path = makeHelpMessage.cpp; sourceTree = "<group>"; };
		2B77B4EB20FABE9300E8CDF3 /* message.cpp */ = {isa = PBXFileReference; fileEncoding = 4; lastKnownFileType = sourcecode.cpp.cpp; path = message.cpp; sourceTree = "<group>"; };
		2B77B4ED20FABE9400E8CDF3 /* setupForMultiFitInherit.hpp */ = {isa = PBXFileReference; fileEncoding = 4; lastKnownFileType = sourcecode.cpp.h; path = setupForMultiFitInherit.hpp; sourceTree = "<group>"; };
		2B77B4EE20FABE9400E8CDF3 /* BitFlags.hpp */ = {isa = PBXFileReference; fileEncoding = 4; lastKnownFileType = sourcecode.cpp.h; path = BitFlags.hpp; sourceTree = "<group>"; };
		2B77B4EF20FABE9400E8CDF3 /* GetTimeOfDay.cpp */ = {isa = PBXFileReference; fileEncoding = 4; lastKnownFileType = sourcecode.cpp.cpp; path = GetTimeOfDay.cpp; sourceTree = "<group>"; };
		2B77B4F020FABE9400E8CDF3 /* insertBucketizedEnergyValuesIntoTable.cpp */ = {isa = PBXFileReference; fileEncoding = 4; lastKnownFileType = sourcecode.cpp.cpp; path = insertBucketizedEnergyValuesIntoTable.cpp; sourceTree = "<group>"; };
		2B77B4F120FABE9500E8CDF3 /* myPrototypes.hpp */ = {isa = PBXFileReference; fileEncoding = 4; lastKnownFileType = sourcecode.cpp.h; path = myPrototypes.hpp; sourceTree = "<group>"; };
		2B77B4F220FABE9500E8CDF3 /* StopWatch.hpp */ = {isa = PBXFileReference; fileEncoding = 4; lastKnownFileType = sourcecode.cpp.h; path = StopWatch.hpp; sourceTree = "<group>"; };
		2B77B4F320FABE9500E8CDF3 /* baseClassInherit.hpp */ = {isa = PBXFileReference; fileEncoding = 4; lastKnownFileType = sourcecode.cpp.h; path = baseClassInherit.hpp; sourceTree = "<group>"; };
		2B77B4F420FABE9500E8CDF3 /* GetTimeOfDay.hpp */ = {isa = PBXFileReference; fileEncoding = 4; lastKnownFileType = sourcecode.cpp.h; path = GetTimeOfDay.hpp; sourceTree = "<group>"; };
		2B77B4F620FABE9500E8CDF3 /* makeHelpMessage.hpp */ = {isa = PBXFileReference; fileEncoding = 4; lastKnownFileType = sourcecode.cpp.h; path = makeHelpMessage.hpp; sourceTree = "<group>"; };
		2B77B4F720FABE9500E8CDF3 /* setupForMultiFitInherit.cpp */ = {isa = PBXFileReference; fileEncoding = 4; lastKnownFileType = sourcecode.cpp.cpp; path = setupForMultiFitInherit.cpp; sourceTree = "<group>"; };
		2B77B4F820FABE9500E8CDF3 /* varyingType.cpp */ = {isa = PBXFileReference; fileEncoding = 4; lastKnownFileType = sourcecode.cpp.cpp; path = varyingType.cpp; sourceTree = "<group>"; };
		2B77B4F920FABE9600E8CDF3 /* AllocateWorkingVectors.hpp */ = {isa = PBXFileReference; fileEncoding = 4; lastKnownFileType = sourcecode.cpp.h; path = AllocateWorkingVectors.hpp; sourceTree = "<group>"; };
		2B77B4FA20FABE9600E8CDF3 /* pgtypes.hpp */ = {isa = PBXFileReference; fileEncoding = 4; lastKnownFileType = sourcecode.cpp.h; path = pgtypes.hpp; sourceTree = "<group>"; };
		2B77B4FB20FABE9600E8CDF3 /* cmdLineArgs.hpp */ = {isa = PBXFileReference; fileEncoding = 4; lastKnownFileType = sourcecode.cpp.h; path = cmdLineArgs.hpp; sourceTree = "<group>"; };
		2B77B4FC20FABE9600E8CDF3 /* AllocateWorkingVectors.cpp */ = {isa = PBXFileReference; fileEncoding = 4; lastKnownFileType = sourcecode.cpp.cpp; path = AllocateWorkingVectors.cpp; sourceTree = "<group>"; };
		2B77B4FD20FABE9600E8CDF3 /* alignField.hpp */ = {isa = PBXFileReference; fileEncoding = 4; lastKnownFileType = sourcecode.cpp.h; path = alignField.hpp; sourceTree = "<group>"; };
		2B77B4FE20FABE9600E8CDF3 /* varyingType.hpp */ = {isa = PBXFileReference; fileEncoding = 4; lastKnownFileType = sourcecode.cpp.h; path = varyingType.hpp; sourceTree = "<group>"; };
		2B77B4FF20FABE9700E8CDF3 /* StopWatch.cpp */ = {isa = PBXFileReference; fileEncoding = 4; lastKnownFileType = sourcecode.cpp.cpp; path = StopWatch.cpp; sourceTree = "<group>"; };
		2B77B50020FABE9700E8CDF3 /* cmdLineArgs.cpp */ = {isa = PBXFileReference; fileEncoding = 4; lastKnownFileType = sourcecode.cpp.cpp; path = cmdLineArgs.cpp; sourceTree = "<group>"; };
		2B77B50120FABE9700E8CDF3 /* main.cpp */ = {isa = PBXFileReference; fileEncoding = 4; lastKnownFileType = sourcecode.cpp.cpp; name = main.cpp; path = ../../../continuingOn/continuingOn/main.cpp; sourceTree = "<group>"; };
		2B77B50220FABE9800E8CDF3 /* alignField.cpp */ = {isa = PBXFileReference; fileEncoding = 4; lastKnownFileType = sourcecode.cpp.cpp; path = alignField.cpp; sourceTree = "<group>"; };
		2B77B50320FABE9800E8CDF3 /* TblPolyFitWithCovInherit.cpp */ = {isa = PBXFileReference; fileEncoding = 4; lastKnownFileType = sourcecode.cpp.cpp; path = TblPolyFitWithCovInherit.cpp; sourceTree = "<group>"; };
		2B77B50420FABE9800E8CDF3 /* selectFromTable.cpp */ = {isa = PBXFileReference; fileEncoding = 4; lastKnownFileType = sourcecode.cpp.cpp; path = selectFromTable.cpp; sourceTree = "<group>"; };
		2B77B50520FABE9900E8CDF3 /* TblPolyFitWithCovInherit.hpp */ = {isa = PBXFileReference; fileEncoding = 4; lastKnownFileType = sourcecode.cpp.h; path = TblPolyFitWithCovInherit.hpp; sourceTree = "<group>"; };
		2B77B50620FABE9900E8CDF3 /* baseClassInherit.cpp */ = {isa = PBXFileReference; fileEncoding = 4; lastKnownFileType = sourcecode.cpp.cpp; path = baseClassInherit.cpp; sourceTree = "<group>"; };
/* End PBXFileReference section */

/* Begin PBXFrameworksBuildPhase section */
		2B77B4DD20FABE4600E8CDF3 /* Frameworks */ = {
			isa = PBXFrameworksBuildPhase;
			buildActionMask = 2147483647;
			files = (
			);
			runOnlyForDeploymentPostprocessing = 0;
		};
/* End PBXFrameworksBuildPhase section */

/* Begin PBXGroup section */
		2B77B4D720FABE4600E8CDF3 = {
			isa = PBXGroup;
			children = (
				2B77B4E220FABE4600E8CDF3 /* continuingAgain */,
				2B77B4E120FABE4600E8CDF3 /* Products */,
			);
			sourceTree = "<group>";
		};
		2B77B4E120FABE4600E8CDF3 /* Products */ = {
			isa = PBXGroup;
			children = (
				2B77B4E020FABE4600E8CDF3 /* continuingAgain */,
			);
			name = Products;
			sourceTree = "<group>";
		};
		2B77B4E220FABE4600E8CDF3 /* continuingAgain */ = {
			isa = PBXGroup;
			children = (
				2B77B50220FABE9800E8CDF3 /* alignField.cpp */,
				2B77B4FD20FABE9600E8CDF3 /* alignField.hpp */,
				2B77B4FC20FABE9600E8CDF3 /* AllocateWorkingVectors.cpp */,
				2B77B4F920FABE9600E8CDF3 /* AllocateWorkingVectors.hpp */,
				2B77B50620FABE9900E8CDF3 /* baseClassInherit.cpp */,
				2B77B4F320FABE9500E8CDF3 /* baseClassInherit.hpp */,
				2B77B4EE20FABE9400E8CDF3 /* BitFlags.hpp */,
				2B77B50020FABE9700E8CDF3 /* cmdLineArgs.cpp */,
				2B77B4FB20FABE9600E8CDF3 /* cmdLineArgs.hpp */,
				2B77B4EF20FABE9400E8CDF3 /* GetTimeOfDay.cpp */,
				2B77B4F420FABE9500E8CDF3 /* GetTimeOfDay.hpp */,
				2B77B4F020FABE9400E8CDF3 /* insertBucketizedEnergyValuesIntoTable.cpp */,
				2B77B50120FABE9700E8CDF3 /* main.cpp */,
				2B77B4EA20FABE9300E8CDF3 /* makeHelpMessage.cpp */,
				2B77B4F620FABE9500E8CDF3 /* makeHelpMessage.hpp */,
				2B77B4EB20FABE9300E8CDF3 /* message.cpp */,
				2B77B4F120FABE9500E8CDF3 /* myPrototypes.hpp */,
				2B77B4FA20FABE9600E8CDF3 /* pgtypes.hpp */,
				2B77B50420FABE9800E8CDF3 /* selectFromTable.cpp */,
				2B77B4F720FABE9500E8CDF3 /* setupForMultiFitInherit.cpp */,
				2B77B4ED20FABE9400E8CDF3 /* setupForMultiFitInherit.hpp */,
				2B77B4FF20FABE9700E8CDF3 /* StopWatch.cpp */,
				2B77B4F220FABE9500E8CDF3 /* StopWatch.hpp */,
				2B77B50320FABE9800E8CDF3 /* TblPolyFitWithCovInherit.cpp */,
				2B77B50520FABE9900E8CDF3 /* TblPolyFitWithCovInherit.hpp */,
				2B77B4F820FABE9500E8CDF3 /* varyingType.cpp */,
				2B77B4FE20FABE9600E8CDF3 /* varyingType.hpp */,
			);
			path = continuingAgain;
			sourceTree = "<group>";
		};
/* End PBXGroup section */

/* Begin PBXNativeTarget section */
		2B77B4DF20FABE4600E8CDF3 /* continuingAgain */ = {
			isa = PBXNativeTarget;
			buildConfigurationList = 2B77B4E720FABE4600E8CDF3 /* Build configuration list for PBXNativeTarget "continuingAgain" */;
			buildPhases = (
				2B77B4DC20FABE4600E8CDF3 /* Sources */,
				2B77B4DD20FABE4600E8CDF3 /* Frameworks */,
				2B77B4DE20FABE4600E8CDF3 /* CopyFiles */,
			);
			buildRules = (
			);
			dependencies = (
			);
			name = continuingAgain;
			productName = continuingAgain;
			productReference = 2B77B4E020FABE4600E8CDF3 /* continuingAgain */;
			productType = "com.apple.product-type.tool";
		};
/* End PBXNativeTarget section */

/* Begin PBXProject section */
		2B77B4D820FABE4600E8CDF3 /* Project object */ = {
			isa = PBXProject;
			attributes = {
				LastUpgradeCheck = 0940;
				ORGANIZATIONNAME = CliffordCampo;
				TargetAttributes = {
					2B77B4DF20FABE4600E8CDF3 = {
						CreatedOnToolsVersion = 9.4.1;
					};
				};
			};
			buildConfigurationList = 2B77B4DB20FABE4600E8CDF3 /* Build configuration list for PBXProject "continuingAgain" */;
			compatibilityVersion = "Xcode 9.3";
			developmentRegion = en;
			hasScannedForEncodings = 0;
			knownRegions = (
				en,
			);
			mainGroup = 2B77B4D720FABE4600E8CDF3;
			productRefGroup = 2B77B4E120FABE4600E8CDF3 /* Products */;
			projectDirPath = "";
			projectRoot = "";
			targets = (
				2B77B4DF20FABE4600E8CDF3 /* continuingAgain */,
			);
		};
/* End PBXProject section */

/* Begin PBXSourcesBuildPhase section */
		2B77B4DC20FABE4600E8CDF3 /* Sources */ = {
			isa = PBXSourcesBuildPhase;
			buildActionMask = 2147483647;
			files = (
				2B77B51420FABE9900E8CDF3 /* TblPolyFitWithCovInherit.cpp in Sources */,
				2B77B51320FABE9900E8CDF3 /* alignField.cpp in Sources */,
				2B77B51020FABE9900E8CDF3 /* StopWatch.cpp in Sources */,
				2B77B51220FABE9900E8CDF3 /* main.cpp in Sources */,
				2B77B50820FABE9900E8CDF3 /* makeHelpMessage.cpp in Sources */,
				2B77B50F20FABE9900E8CDF3 /* AllocateWorkingVectors.cpp in Sources */,
				2B77B50E20FABE9900E8CDF3 /* varyingType.cpp in Sources */,
				2B77B51620FABE9900E8CDF3 /* baseClassInherit.cpp in Sources */,
				2B77B50C20FABE9900E8CDF3 /* insertBucketizedEnergyValuesIntoTable.cpp in Sources */,
				2B77B51120FABE9900E8CDF3 /* cmdLineArgs.cpp in Sources */,
				2B77B50D20FABE9900E8CDF3 /* setupForMultiFitInherit.cpp in Sources */,
				2B77B51520FABE9900E8CDF3 /* selectFromTable.cpp in Sources */,
				2B77B50920FABE9900E8CDF3 /* message.cpp in Sources */,
				2B77B50B20FABE9900E8CDF3 /* GetTimeOfDay.cpp in Sources */,
			);
			runOnlyForDeploymentPostprocessing = 0;
		};
/* End PBXSourcesBuildPhase section */

/* Begin XCBuildConfiguration section */
		2B77B4E520FABE4600E8CDF3 /* Debug */ = {
			isa = XCBuildConfiguration;
			buildSettings = {
				ALWAYS_SEARCH_USER_PATHS = NO;
				CLANG_ANALYZER_NONNULL = YES;
				CLANG_ANALYZER_NUMBER_OBJECT_CONVERSION = YES_AGGRESSIVE;
				CLANG_CXX_LANGUAGE_STANDARD = "gnu++14";
				CLANG_CXX_LIBRARY = "libc++";
				CLANG_ENABLE_MODULES = YES;
				CLANG_ENABLE_OBJC_ARC = YES;
				CLANG_ENABLE_OBJC_WEAK = YES;
				CLANG_WARN_BLOCK_CAPTURE_AUTORELEASING = YES;
				CLANG_WARN_BOOL_CONVERSION = YES;
				CLANG_WARN_COMMA = YES;
				CLANG_WARN_CONSTANT_CONVERSION = YES;
				CLANG_WARN_DEPRECATED_OBJC_IMPLEMENTATIONS = YES;
				CLANG_WARN_DIRECT_OBJC_ISA_USAGE = YES_ERROR;
				CLANG_WARN_DOCUMENTATION_COMMENTS = YES;
				CLANG_WARN_EMPTY_BODY = YES;
				CLANG_WARN_ENUM_CONVERSION = YES;
				CLANG_WARN_INFINITE_RECURSION = YES;
				CLANG_WARN_INT_CONVERSION = YES;
				CLANG_WARN_NON_LITERAL_NULL_CONVERSION = YES;
				CLANG_WARN_OBJC_IMPLICIT_RETAIN_SELF = YES;
				CLANG_WARN_OBJC_LITERAL_CONVERSION = YES;
				CLANG_WARN_OBJC_ROOT_CLASS = YES_ERROR;
				CLANG_WARN_RANGE_LOOP_ANALYSIS = YES;
				CLANG_WARN_STRICT_PROTOTYPES = YES;
				CLANG_WARN_SUSPICIOUS_MOVE = YES;
				CLANG_WARN_UNGUARDED_AVAILABILITY = YES_AGGRESSIVE;
				CLANG_WARN_UNREACHABLE_CODE = YES;
				CLANG_WARN__DUPLICATE_METHOD_MATCH = YES;
				CODE_SIGN_IDENTITY = "-";
				COPY_PHASE_STRIP = NO;
				DEBUG_INFORMATION_FORMAT = dwarf;
				ENABLE_STRICT_OBJC_MSGSEND = YES;
				ENABLE_TESTABILITY = YES;
				GCC_C_LANGUAGE_STANDARD = gnu11;
				GCC_DYNAMIC_NO_PIC = NO;
				GCC_NO_COMMON_BLOCKS = YES;
				GCC_OPTIMIZATION_LEVEL = 0;
				GCC_PREPROCESSOR_DEFINITIONS = (
					"DEBUG=1",
					"$(inherited)",
				);
				GCC_WARN_64_TO_32_BIT_CONVERSION = YES;
				GCC_WARN_ABOUT_RETURN_TYPE = YES_ERROR;
				GCC_WARN_UNDECLARED_SELECTOR = YES;
				GCC_WARN_UNINITIALIZED_AUTOS = YES_AGGRESSIVE;
				GCC_WARN_UNUSED_FUNCTION = YES;
				GCC_WARN_UNUSED_VARIABLE = YES;
				MACOSX_DEPLOYMENT_TARGET = 10.13;
				MTL_ENABLE_DEBUG_INFO = YES;
				ONLY_ACTIVE_ARCH = YES;
				SDKROOT = macosx;
			};
			name = Debug;
		};
		2B77B4E620FABE4600E8CDF3 /* Release */ = {
			isa = XCBuildConfiguration;
			buildSettings = {
				ALWAYS_SEARCH_USER_PATHS = NO;
				CLANG_ANALYZER_NONNULL = YES;
				CLANG_ANALYZER_NUMBER_OBJECT_CONVERSION = YES_AGGRESSIVE;
				CLANG_CXX_LANGUAGE_STANDARD = "gnu++14";
				CLANG_CXX_LIBRARY = "libc++";
				CLANG_ENABLE_MODULES = YES;
				CLANG_ENABLE_OBJC_ARC = YES;
				CLANG_ENABLE_OBJC_WEAK = YES;
				CLANG_WARN_BLOCK_CAPTURE_AUTORELEASING = YES;
				CLANG_WARN_BOOL_CONVERSION = YES;
				CLANG_WARN_COMMA = YES;
				CLANG_WARN_CONSTANT_CONVERSION = YES;
				CLANG_WARN_DEPRECATED_OBJC_IMPLEMENTATIONS = YES;
				CLANG_WARN_DIRECT_OBJC_ISA_USAGE = YES_ERROR;
				CLANG_WARN_DOCUMENTATION_COMMENTS = YES;
				CLANG_WARN_EMPTY_BODY = YES;
				CLANG_WARN_ENUM_CONVERSION = YES;
				CLANG_WARN_INFINITE_RECURSION = YES;
				CLANG_WARN_INT_CONVERSION = YES;
				CLANG_WARN_NON_LITERAL_NULL_CONVERSION = YES;
				CLANG_WARN_OBJC_IMPLICIT_RETAIN_SELF = YES;
				CLANG_WARN_OBJC_LITERAL_CONVERSION = YES;
				CLANG_WARN_OBJC_ROOT_CLASS = YES_ERROR;
				CLANG_WARN_RANGE_LOOP_ANALYSIS = YES;
				CLANG_WARN_STRICT_PROTOTYPES = YES;
				CLANG_WARN_SUSPICIOUS_MOVE = YES;
				CLANG_WARN_UNGUARDED_AVAILABILITY = YES_AGGRESSIVE;
				CLANG_WARN_UNREACHABLE_CODE = YES;
				CLANG_WARN__DUPLICATE_METHOD_MATCH = YES;
				CODE_SIGN_IDENTITY = "-";
				COPY_PHASE_STRIP = NO;
				DEBUG_INFORMATION_FORMAT = "dwarf-with-dsym";
				ENABLE_NS_ASSERTIONS = NO;
				ENABLE_STRICT_OBJC_MSGSEND = YES;
				GCC_C_LANGUAGE_STANDARD = gnu11;
				GCC_NO_COMMON_BLOCKS = YES;
				GCC_WARN_64_TO_32_BIT_CONVERSION = YES;
				GCC_WARN_ABOUT_RETURN_TYPE = YES_ERROR;
				GCC_WARN_UNDECLARED_SELECTOR = YES;
				GCC_WARN_UNINITIALIZED_AUTOS = YES_AGGRESSIVE;
				GCC_WARN_UNUSED_FUNCTION = YES;
				GCC_WARN_UNUSED_VARIABLE = YES;
				MACOSX_DEPLOYMENT_TARGET = 10.13;
				MTL_ENABLE_DEBUG_INFO = NO;
				SDKROOT = macosx;
			};
			name = Release;
		};
		2B77B4E820FABE4600E8CDF3 /* Debug */ = {
			isa = XCBuildConfiguration;
			buildSettings = {
				CODE_SIGN_STYLE = Automatic;
				"HEADER_SEARCH_PATHS[arch=*]" = (
					/usr/local/include,
					/usr/local/Cellar/gsl/2.5/include,
					/usr/local/pgsql/pgsql090513/include,
				);
				"LIBRARY_SEARCH_PATHS[arch=*]" = /usr/local/lib;
				OTHER_CPLUSPLUSFLAGS = (
					"-D",
					"VIACMDLINETBLPOLYFITPARAMETERS=24",
				);
				"OTHER_CPLUSPLUSFLAGS[arch=*]" = (
					"-D",
					"VIACMDLINETBLPOLYFITPARAMETERS=24",
				);
				"OTHER_LDFLAGS[arch=*]" = (
					"-lpq",
					"-lgsl",
					"-lgslcblas",
					"-lm",
				);
				PRODUCT_NAME = "$(TARGET_NAME)";
			};
			name = Debug;
		};
		2B77B4E920FABE4600E8CDF3 /* Release */ = {
			isa = XCBuildConfiguration;
			buildSettings = {
				CODE_SIGN_STYLE = Automatic;
				OTHER_CPLUSPLUSFLAGS = (
					"-D",
					"VIACMDLINETBLPOLYFITPARAMETERS=24",
				);
				"OTHER_CPLUSPLUSFLAGS[arch=*]" = "$(OTHER_CFLAGS)";
				PRODUCT_NAME = "$(TARGET_NAME)";
			};
			name = Release;
		};
/* End XCBuildConfiguration section */

/* Begin XCConfigurationList section */
		2B77B4DB20FABE4600E8CDF3 /* Build configuration list for PBXProject "continuingAgain" */ = {
			isa = XCConfigurationList;
			buildConfigurations = (
				2B77B4E520FABE4600E8CDF3 /* Debug */,
				2B77B4E620FABE4600E8CDF3 /* Release */,
			);
			defaultConfigurationIsVisible = 0;
			defaultConfigurationName = Release;
		};
		2B77B4E720FABE4600E8CDF3 /* Build configuration list for PBXNativeTarget "continuingAgain" */ = {
			isa = XCConfigurationList;
			buildConfigurations = (
				2B77B4E820FABE4600E8CDF3 /* Debug */,
				2B77B4E920FABE4600E8CDF3 /* Release */,
			);
			defaultConfigurationIsVisible = 0;
			defaultConfigurationName = Release;
		};
/* End XCConfigurationList section */
	};
	rootObject = 2B77B4D820FABE4600E8CDF3 /* Project object */;
}
